
Microsoft Visual Studio Solution File, Format Version 12.00
# Visual Studio 14
VisualStudioVersion = 14.0.25420.1
MinimumVisualStudioVersion = 10.0.40219.1
Project("{FAE04EC0-301F-11D3-BF4B-00C04F79EFBC}") = "EpicorRESTGenerator.WPFGUI", "EpicorRESTGenerator.WPFGUI\EpicorRESTGenerator.WPFGUI.csproj", "{72726F18-A0D8-4615-8AA4-C1B35CC9D6EA}"
EndProject
Project("{FAE04EC0-301F-11D3-BF4B-00C04F79EFBC}") = "EpicorSwaggerRESTGenerator", "EpicorSwaggerRESTGenerator\EpicorSwaggerRESTGenerator.csproj", "{120492FF-9E4A-41C7-8CB0-555975DAC5F1}"
EndProject
Global
	GlobalSection(SolutionConfigurationPlatforms) = preSolution
		Debug|Any CPU = Debug|Any CPU
		Release|Any CPU = Release|Any CPU
	EndGlobalSection
	GlobalSection(ProjectConfigurationPlatforms) = postSolution
		{72726F18-A0D8-4615-8AA4-C1B35CC9D6EA}.Debug|Any CPU.ActiveCfg = Debug|Any CPU
		{72726F18-A0D8-4615-8AA4-C1B35CC9D6EA}.Debug|Any CPU.Build.0 = Debug|Any CPU
		{72726F18-A0D8-4615-8AA4-C1B35CC9D6EA}.Release|Any CPU.ActiveCfg = Release|Any CPU
		{72726F18-A0D8-4615-8AA4-C1B35CC9D6EA}.Release|Any CPU.Build.0 = Release|Any CPU
		{120492FF-9E4A-41C7-8CB0-555975DAC5F1}.Debug|Any CPU.ActiveCfg = Debug|Any CPU
		{120492FF-9E4A-41C7-8CB0-555975DAC5F1}.Debug|Any CPU.Build.0 = Debug|Any CPU
		{120492FF-9E4A-41C7-8CB0-555975DAC5F1}.Release|Any CPU.ActiveCfg = Release|Any CPU
		{120492FF-9E4A-41C7-8CB0-555975DAC5F1}.Release|Any CPU.Build.0 = Release|Any CPU
	EndGlobalSection
	GlobalSection(SolutionProperties) = preSolution
		HideSolutionNode = FALSE
	EndGlobalSection
EndGlobal
